<?xml version="1.0" encoding="utf-8"?>
<Project ToolsVersion="4.0" xmlns="http://schemas.microsoft.com/developer/msbuild/2003">
  <ItemGroup>
    <Filter Include="util">
      <UniqueIdentifier>{723a05ff-e48b-4723-aac8-66ebfb587c65}</UniqueIdentifier>
    </Filter>
    <Filter Include="bunnyhopfix">
      <UniqueIdentifier>{63d9542c-1ed8-4c85-adeb-bc44f377bb48}</UniqueIdentifier>
    </Filter>
    <Filter Include="pre compiled">
      <UniqueIdentifier>{d045d4b4-ca5d-432a-a19c-796c15bbb0c9}</UniqueIdentifier>
    </Filter>
    <Filter Include="util\process">
      <UniqueIdentifier>{a7d60e77-92aa-4680-a21b-49c31f92ccc2}</UniqueIdentifier>
    </Filter>
    <Filter Include="util\memory">
      <UniqueIdentifier>{a3dc0754-5d73-43da-a16e-c728583f128c}</UniqueIdentifier>
    </Filter>
    <Filter Include="util\var">
      <UniqueIdentifier>{f7a2844e-5fea-4729-be79-0d405dc9aebc}</UniqueIdentifier>
    </Filter>
    <Filter Include="util\console">
      <UniqueIdentifier>{34b7291e-94d9-418e-8a93-b73d3e429871}</UniqueIdentifier>
    </Filter>
  </ItemGroup>
  <ItemGroup>
    <ClCompile Include="main.cpp" />
    <ClCompile Include="fix.cpp">
      <Filter>bunnyhopfix</Filter>
    </ClCompile>
    <ClCompile Include="pch.cpp">
      <Filter>pre compiled</Filter>
    </ClCompile>
    <ClCompile Include="memory.cpp">
      <Filter>util\memory</Filter>
    </ClCompile>
  </ItemGroup>
  <ItemGroup>
    <ClInclude Include="fix.hpp">
      <Filter>bunnyhopfix</Filter>
    </ClInclude>
    <ClInclude Include="pch.hpp">
      <Filter>pre compiled</Filter>
    </ClInclude>
    <ClInclude Include="process.hpp">
      <Filter>util\process</Filter>
    </ClInclude>
    <ClInclude Include="memory.hpp">
      <Filter>util\memory</Filter>
    </ClInclude>
    <ClInclude Include="var.hpp">
      <Filter>util\var</Filter>
    </ClInclude>
    <ClInclude Include="console.hpp">
      <Filter>util\console</Filter>
    </ClInclude>
  </ItemGroup>
</Project>