
Microsoft Visual Studio Solution File, Format Version 12.00
# Visual Studio Version 17
VisualStudioVersion = 17.0.32014.148
MinimumVisualStudioVersion = 10.0.40219.1
Project("{8BC9CEB8-8B4A-11D0-8D11-00A0C91BC942}") = "bunnyhopfix", "bunnyhopfix\bunnyhopfix.vcxproj", "{A7D105CE-6372-44C6-928A-28071B27F891}"
EndProject
Global
	GlobalSection(SolutionConfigurationPlatforms) = preSolution
		Debug|Win32 = Debug|Win32
		Release|Win32 = Release|Win32
	EndGlobalSection
	GlobalSection(ProjectConfigurationPlatforms) = postSolution
		{A7D105CE-6372-44C6-928A-28071B27F891}.Debug|Win32.ActiveCfg = Debug|Win32
		{A7D105CE-6372-44C6-928A-28071B27F891}.Debug|Win32.Build.0 = Debug|Win32
		{A7D105CE-6372-44C6-928A-28071B27F891}.Release|Win32.ActiveCfg = Release|Win32
		{A7D105CE-6372-44C6-928A-28071B27F891}.Release|Win32.Build.0 = Release|Win32
	EndGlobalSection
	GlobalSection(SolutionProperties) = preSolution
		HideSolutionNode = FALSE
	EndGlobalSection
	GlobalSection(ExtensibilityGlobals) = postSolution
		SolutionGuid = {4AD3281B-7F9F-4132-B4A2-BCC418106176}
	EndGlobalSection
EndGlobal
